// !$*UTF8*$!
{
	archiveVersion = 1;
	classes = {
	};
	objectVersion = 55;
	objects = {

/* Begin PBXBuildFile section */
		7FA74C4327AE977C00D9AC3E /* AppDelegate.swift in Sources */ = {isa = PBXBuildFile; fileRef = 7FA74C4227AE977C00D9AC3E /* AppDelegate.swift */; };
		7FA74C4527AE977C00D9AC3E /* SceneDelegate.swift in Sources */ = {isa = PBXBuildFile; fileRef = 7FA74C4427AE977C00D9AC3E /* SceneDelegate.swift */; };
		7FA74C4727AE977C00D9AC3E /* ViewController.swift in Sources */ = {isa = PBXBuildFile; fileRef = 7FA74C4627AE977C00D9AC3E /* ViewController.swift */; };
		7FA74C4A27AE977C00D9AC3E /* Main.storyboard in Resources */ = {isa = PBXBuildFile; fileRef = 7FA74C4827AE977C00D9AC3E /* Main.storyboard */; };
		7FA74C4C27AE977D00D9AC3E /* Assets.xcassets in Resources */ = {isa = PBXBuildFile; fileRef = 7FA74C4B27AE977D00D9AC3E /* Assets.xcassets */; };
		7FA74C4F27AE977D00D9AC3E /* LaunchScreen.storyboard in Resources */ = {isa = PBXBuildFile; fileRef = 7FA74C4D27AE977D00D9AC3E /* LaunchScreen.storyboard */; };
		7FA74C5A27AE9E7000D9AC3E /* ChangeColorVC.swift in Sources */ = {isa = PBXBuildFile; fileRef = 7FA74C5927AE9E7000D9AC3E /* ChangeColorVC.swift */; };
/* End PBXBuildFile section */

/* Begin PBXFileReference section */
		7FA74C3F27AE977C00D9AC3E /* ColorRendering.app */ = {isa = PBXFileReference; explicitFileType = wrapper.application; includeInIndex = 0; path = ColorRendering.app; sourceTree = BUILT_PRODUCTS_DIR; };
		7FA74C4227AE977C00D9AC3E /* AppDelegate.swift */ = {isa = PBXFileReference; lastKnownFileType = sourcecode.swift; path = AppDelegate.swift; sourceTree = "<group>"; };
		7FA74C4427AE977C00D9AC3E /* SceneDelegate.swift */ = {isa = PBXFileReference; lastKnownFileType = sourcecode.swift; path = SceneDelegate.swift; sourceTree = "<group>"; };
		7FA74C4627AE977C00D9AC3E /* ViewController.swift */ = {isa = PBXFileReference; lastKnownFileType = sourcecode.swift; path = ViewController.swift; sourceTree = "<group>"; };
		7FA74C4927AE977C00D9AC3E /* Base */ = {isa = PBXFileReference; lastKnownFileType = file.storyboard; name = Base; path = Base.lproj/Main.storyboard; sourceTree = "<group>"; };
		7FA74C4B27AE977D00D9AC3E /* Assets.xcassets */ = {isa = PBXFileReference; lastKnownFileType = folder.assetcatalog; path = Assets.xcassets; sourceTree = "<group>"; };
		7FA74C4E27AE977D00D9AC3E /* Base */ = {isa = PBXFileReference; lastKnownFileType = file.storyboard; name = Base; path = Base.lproj/LaunchScreen.storyboard; sourceTree = "<group>"; };
		7FA74C5027AE977D00D9AC3E /* Info.plist */ = {isa = PBXFileReference; lastKnownFileType = text.plist.xml; path = Info.plist; sourceTree = "<group>"; };
		7FA74C5927AE9E7000D9AC3E /* ChangeColorVC.swift */ = {isa = PBXFileReference; lastKnownFileType = sourcecode.swift; path = ChangeColorVC.swift; sourceTree = "<group>"; };
/* End PBXFileReference section */

/* Begin PBXFrameworksBuildPhase section */
		7FA74C3C27AE977C00D9AC3E /* Frameworks */ = {
			isa = PBXFrameworksBuildPhase;
			buildActionMask = 2147483647;
			files = (
			);
			runOnlyForDeploymentPostprocessing = 0;
		};
/* End PBXFrameworksBuildPhase section */

/* Begin PBXGroup section */
		7FA74C3627AE977B00D9AC3E = {
			isa = PBXGroup;
			children = (
				7FA74C4127AE977C00D9AC3E /* ColorRendering */,
				7FA74C4027AE977C00D9AC3E /* Products */,
			);
			sourceTree = "<group>";
		};
		7FA74C4027AE977C00D9AC3E /* Products */ = {
			isa = PBXGroup;
			children = (
				7FA74C3F27AE977C00D9AC3E /* ColorRendering.app */,
			);
			name = Products;
			sourceTree = "<group>";
		};
		7FA74C4127AE977C00D9AC3E /* ColorRendering */ = {
			isa = PBXGroup;
			children = (
				7FA74C5827AE97E300D9AC3E /* App */,
				7FA74C5727AE97D100D9AC3E /* Controllers */,
				7FA74C5627AE97C200D9AC3E /* Views */,
				7FA74C4B27AE977D00D9AC3E /* Assets.xcassets */,
				7FA74C5027AE977D00D9AC3E /* Info.plist */,
			);
			path = ColorRendering;
			sourceTree = "<group>";
		};
		7FA74C5627AE97C200D9AC3E /* Views */ = {
			isa = PBXGroup;
			children = (
				7FA74C4827AE977C00D9AC3E /* Main.storyboard */,
				7FA74C4D27AE977D00D9AC3E /* LaunchScreen.storyboard */,
			);
			path = Views;
			sourceTree = "<group>";
		};
		7FA74C5727AE97D100D9AC3E /* Controllers */ = {
			isa = PBXGroup;
			children = (
				7FA74C4627AE977C00D9AC3E /* ViewController.swift */,
				7FA74C5927AE9E7000D9AC3E /* ChangeColorVC.swift */,
			);
			path = Controllers;
			sourceTree = "<group>";
		};
		7FA74C5827AE97E300D9AC3E /* App */ = {
			isa = PBXGroup;
			children = (
				7FA74C4227AE977C00D9AC3E /* AppDelegate.swift */,
				7FA74C4427AE977C00D9AC3E /* SceneDelegate.swift */,
			);
			path = App;
			sourceTree = "<group>";
		};
/* End PBXGroup section */

/* Begin PBXNativeTarget section */
		7FA74C3E27AE977C00D9AC3E /* ColorRendering */ = {
			isa = PBXNativeTarget;
			buildConfigurationList = 7FA74C5327AE977D00D9AC3E /* Build configuration list for PBXNativeTarget "ColorRendering" */;
			buildPhases = (
				7FA74C3B27AE977C00D9AC3E /* Sources */,
				7FA74C3C27AE977C00D9AC3E /* Frameworks */,
				7FA74C3D27AE977C00D9AC3E /* Resources */,
			);
			buildRules = (
			);
			dependencies = (
			);
			name = ColorRendering;
			productName = ColorRendering;
			productReference = 7FA74C3F27AE977C00D9AC3E /* ColorRendering.app */;
			productType = "com.apple.product-type.application";
		};
/* End PBXNativeTarget section */

/* Begin PBXProject section */
		7FA74C3727AE977C00D9AC3E /* Project object */ = {
			isa = PBXProject;
			attributes = {
				BuildIndependentTargetsInParallel = 1;
				LastSwiftUpdateCheck = 1320;
				LastUpgradeCheck = 1320;
				TargetAttributes = {
					7FA74C3E27AE977C00D9AC3E = {
						CreatedOnToolsVersion = 13.2.1;
					};
				};
			};
			buildConfigurationList = 7FA74C3A27AE977C00D9AC3E /* Build configuration list for PBXProject "ColorRendering" */;
			compatibilityVersion = "Xcode 13.0";
			developmentRegion = en;
			hasScannedForEncodings = 0;
			knownRegions = (
				en,
				Base,
			);
			mainGroup = 7FA74C3627AE977B00D9AC3E;
			productRefGroup = 7FA74C4027AE977C00D9AC3E /* Products */;
			projectDirPath = "";
			projectRoot = "";
			targets = (
				7FA74C3E27AE977C00D9AC3E /* ColorRendering */,
			);
		};
/* End PBXProject section */

/* Begin PBXResourcesBuildPhase section */
		7FA74C3D27AE977C00D9AC3E /* Resources */ = {
			isa = PBXResourcesBuildPhase;
			buildActionMask = 2147483647;
			files = (
				7FA74C4F27AE977D00D9AC3E /* LaunchScreen.storyboard in Resources */,
				7FA74C4C27AE977D00D9AC3E /* Assets.xcassets in Resources */,
				7FA74C4A27AE977C00D9AC3E /* Main.storyboard in Resources */,
			);
			runOnlyForDeploymentPostprocessing = 0;
		};
/* End PBXResourcesBuildPhase section */

/* Begin PBXSourcesBuildPhase section */
		7FA74C3B27AE977C00D9AC3E /* Sources */ = {
			isa = PBXSourcesBuildPhase;
			buildActionMask = 2147483647;
			files = (
				7FA74C5A27AE9E7000D9AC3E /* ChangeColorVC.swift in Sources */,
				7FA74C4727AE977C00D9AC3E /* ViewController.swift in Sources */,
				7FA74C4327AE977C00D9AC3E /* AppDelegate.swift in Sources */,
				7FA74C4527AE977C00D9AC3E /* SceneDelegate.swift in Sources */,
			);
			runOnlyForDeploymentPostprocessing = 0;
		};
/* End PBXSourcesBuildPhase section */

/* Begin PBXVariantGroup section */
		7FA74C4827AE977C00D9AC3E /* Main.storyboard */ = {
			isa = PBXVariantGroup;
			children = (
				7FA74C4927AE977C00D9AC3E /* Base */,
			);
			name = Main.storyboard;
			sourceTree = "<group>";
		};
		7FA74C4D27AE977D00D9AC3E /* LaunchScreen.storyboard */ = {
			isa = PBXVariantGroup;
			children = (
				7FA74C4E27AE977D00D9AC3E /* Base */,
			);
			name = LaunchScreen.storyboard;
			sourceTree = "<group>";
		};
/* End PBXVariantGroup section */

/* Begin XCBuildConfiguration section */
		7FA74C5127AE977D00D9AC3E /* Debug */ = {
			isa = XCBuildConfiguration;
			buildSettings = {
				ALWAYS_SEARCH_USER_PATHS = NO;
				CLANG_ANALYZER_NONNULL = YES;
				CLANG_ANALYZER_NUMBER_OBJECT_CONVERSION = YES_AGGRESSIVE;
				CLANG_CXX_LANGUAGE_STANDARD = "gnu++17";
				CLANG_CXX_LIBRARY = "libc++";
				CLANG_ENABLE_MODULES = YES;
				CLANG_ENABLE_OBJC_ARC = YES;
				CLANG_ENABLE_OBJC_WEAK = YES;
				CLANG_WARN_BLOCK_CAPTURE_AUTORELEASING = YES;
				CLANG_WARN_BOOL_CONVERSION = YES;
				CLANG_WARN_COMMA = YES;
				CLANG_WARN_CONSTANT_CONVERSION = YES;
				CLANG_WARN_DEPRECATED_OBJC_IMPLEMENTATIONS = YES;
				CLANG_WARN_DIRECT_OBJC_ISA_USAGE = YES_ERROR;
				CLANG_WARN_DOCUMENTATION_COMMENTS = YES;
				CLANG_WARN_EMPTY_BODY = YES;
				CLANG_WARN_ENUM_CONVERSION = YES;
				CLANG_WARN_INFINITE_RECURSION = YES;
				CLANG_WARN_INT_CONVERSION = YES;
				CLANG_WARN_NON_LITERAL_NULL_CONVERSION = YES;
				CLANG_WARN_OBJC_IMPLICIT_RETAIN_SELF = YES;
				CLANG_WARN_OBJC_LITERAL_CONVERSION = YES;
				CLANG_WARN_OBJC_ROOT_CLASS = YES_ERROR;
				CLANG_WARN_QUOTED_INCLUDE_IN_FRAMEWORK_HEADER = YES;
				CLANG_WARN_RANGE_LOOP_ANALYSIS = YES;
				CLANG_WARN_STRICT_PROTOTYPES = YES;
				CLANG_WARN_SUSPICIOUS_MOVE = YES;
				CLANG_WARN_UNGUARDED_AVAILABILITY = YES_AGGRESSIVE;
				CLANG_WARN_UNREACHABLE_CODE = YES;
				CLANG_WARN__DUPLICATE_METHOD_MATCH = YES;
				COPY_PHASE_STRIP = NO;
				DEBUG_INFORMATION_FORMAT = dwarf;
				ENABLE_STRICT_OBJC_MSGSEND = YES;
				ENABLE_TESTABILITY = YES;
				GCC_C_LANGUAGE_STANDARD = gnu11;
				GCC_DYNAMIC_NO_PIC = NO;
				GCC_NO_COMMON_BLOCKS = YES;
				GCC_OPTIMIZATION_LEVEL = 0;
				GCC_PREPROCESSOR_DEFINITIONS = (
					"DEBUG=1",
					"$(inherited)",
				);
				GCC_WARN_64_TO_32_BIT_CONVERSION = YES;
				GCC_WARN_ABOUT_RETURN_TYPE = YES_ERROR;
				GCC_WARN_UNDECLARED_SELECTOR = YES;
				GCC_WARN_UNINITIALIZED_AUTOS = YES_AGGRESSIVE;
				GCC_WARN_UNUSED_FUNCTION = YES;
				GCC_WARN_UNUSED_VARIABLE = YES;
				IPHONEOS_DEPLOYMENT_TARGET = 15.2;
				MTL_ENABLE_DEBUG_INFO = INCLUDE_SOURCE;
				MTL_FAST_MATH = YES;
				ONLY_ACTIVE_ARCH = YES;
				SDKROOT = iphoneos;
				SWIFT_ACTIVE_COMPILATION_CONDITIONS = DEBUG;
				SWIFT_OPTIMIZATION_LEVEL = "-Onone";
			};
			name = Debug;
		};
		7FA74C5227AE977D00D9AC3E /* Release */ = {
			isa = XCBuildConfiguration;
			buildSettings = {
				ALWAYS_SEARCH_USER_PATHS = NO;
				CLANG_ANALYZER_NONNULL = YES;
				CLANG_ANALYZER_NUMBER_OBJECT_CONVERSION = YES_AGGRESSIVE;
				CLANG_CXX_LANGUAGE_STANDARD = "gnu++17";
				CLANG_CXX_LIBRARY = "libc++";
				CLANG_ENABLE_MODULES = YES;
				CLANG_ENABLE_OBJC_ARC = YES;
				CLANG_ENABLE_OBJC_WEAK = YES;
				CLANG_WARN_BLOCK_CAPTURE_AUTORELEASING = YES;
				CLANG_WARN_BOOL_CONVERSION = YES;
				CLANG_WARN_COMMA = YES;
				CLANG_WARN_CONSTANT_CONVERSION = YES;
				CLANG_WARN_DEPRECATED_OBJC_IMPLEMENTATIONS = YES;
				CLANG_WARN_DIRECT_OBJC_ISA_USAGE = YES_ERROR;
				CLANG_WARN_DOCUMENTATION_COMMENTS = YES;
				CLANG_WARN_EMPTY_BODY = YES;
				CLANG_WARN_ENUM_CONVERSION = YES;
				CLANG_WARN_INFINITE_RECURSION = YES;
				CLANG_WARN_INT_CONVERSION = YES;
				CLANG_WARN_NON_LITERAL_NULL_CONVERSION = YES;
				CLANG_WARN_OBJC_IMPLICIT_RETAIN_SELF = YES;
				CLANG_WARN_OBJC_LITERAL_CONVERSION = YES;
				CLANG_WARN_OBJC_ROOT_CLASS = YES_ERROR;
				CLANG_WARN_QUOTED_INCLUDE_IN_FRAMEWORK_HEADER = YES;
				CLANG_WARN_RANGE_LOOP_ANALYSIS = YES;
				CLANG_WARN_STRICT_PROTOTYPES = YES;
				CLANG_WARN_SUSPICIOUS_MOVE = YES;
				CLANG_WARN_UNGUARDED_AVAILABILITY = YES_AGGRESSIVE;
				CLANG_WARN_UNREACHABLE_CODE = YES;
				CLANG_WARN__DUPLICATE_METHOD_MATCH = YES;
				COPY_PHASE_STRIP = NO;
				DEBUG_INFORMATION_FORMAT = "dwarf-with-dsym";
				ENABLE_NS_ASSERTIONS = NO;
				ENABLE_STRICT_OBJC_MSGSEND = YES;
				GCC_C_LANGUAGE_STANDARD = gnu11;
				GCC_NO_COMMON_BLOCKS = YES;
				GCC_WARN_64_TO_32_BIT_CONVERSION = YES;
				GCC_WARN_ABOUT_RETURN_TYPE = YES_ERROR;
				GCC_WARN_UNDECLARED_SELECTOR = YES;
				GCC_WARN_UNINITIALIZED_AUTOS = YES_AGGRESSIVE;
				GCC_WARN_UNUSED_FUNCTION = YES;
				GCC_WARN_UNUSED_VARIABLE = YES;
				IPHONEOS_DEPLOYMENT_TARGET = 15.2;
				MTL_ENABLE_DEBUG_INFO = NO;
				MTL_FAST_MATH = YES;
				SDKROOT = iphoneos;
				SWIFT_COMPILATION_MODE = wholemodule;
				SWIFT_OPTIMIZATION_LEVEL = "-O";
				VALIDATE_PRODUCT = YES;
			};
			name = Release;
		};
		7FA74C5427AE977D00D9AC3E /* Debug */ = {
			isa = XCBuildConfiguration;
			buildSettings = {
				ASSETCATALOG_COMPILER_APPICON_NAME = AppIcon;
				ASSETCATALOG_COMPILER_GLOBAL_ACCENT_COLOR_NAME = AccentColor;
				CODE_SIGN_STYLE = Automatic;
				CURRENT_PROJECT_VERSION = 1;
				DEVELOPMENT_TEAM = 4DA45JC35S;
				GENERATE_INFOPLIST_FILE = YES;
				INFOPLIST_FILE = ColorRendering/Info.plist;
				INFOPLIST_KEY_UIApplicationSupportsIndirectInputEvents = YES;
				INFOPLIST_KEY_UILaunchStoryboardName = LaunchScreen;
				INFOPLIST_KEY_UIMainStoryboardFile = Main;
				INFOPLIST_KEY_UISupportedInterfaceOrientations_iPad = "UIInterfaceOrientationPortrait UIInterfaceOrientationPortraitUpsideDown UIInterfaceOrientationLandscapeLeft UIInterfaceOrientationLandscapeRight";
				INFOPLIST_KEY_UISupportedInterfaceOrientations_iPhone = "UIInterfaceOrientationPortrait UIInterfaceOrientationLandscapeLeft UIInterfaceOrientationLandscapeRight";
				LD_RUNPATH_SEARCH_PATHS = (
					"$(inherited)",
					"@executable_path/Frameworks",
				);
				MARKETING_VERSION = 1.0;
				PRODUCT_BUNDLE_IDENTIFIER = vladimirdanilovich.com.by.ColorRendering;
				PRODUCT_NAME = "$(TARGET_NAME)";
				SWIFT_EMIT_LOC_STRINGS = YES;
				SWIFT_VERSION = 5.0;
				TARGETED_DEVICE_FAMILY = "1,2";
			};
			name = Debug;
		};
		7FA74C5527AE977D00D9AC3E /* Release */ = {
			isa = XCBuildConfiguration;
			buildSettings = {
				ASSETCATALOG_COMPILER_APPICON_NAME = AppIcon;
				ASSETCATALOG_COMPILER_GLOBAL_ACCENT_COLOR_NAME = AccentColor;
				CODE_SIGN_STYLE = Automatic;
				CURRENT_PROJECT_VERSION = 1;
				DEVELOPMENT_TEAM = 4DA45JC35S;
				GENERATE_INFOPLIST_FILE = YES;
				INFOPLIST_FILE = ColorRendering/Info.plist;
				INFOPLIST_KEY_UIApplicationSupportsIndirectInputEvents = YES;
				INFOPLIST_KEY_UILaunchStoryboardName = LaunchScreen;
				INFOPLIST_KEY_UIMainStoryboardFile = Main;
				INFOPLIST_KEY_UISupportedInterfaceOrientations_iPad = "UIInterfaceOrientationPortrait UIInterfaceOrientationPortraitUpsideDown UIInterfaceOrientationLandscapeLeft UIInterfaceOrientationLandscapeRight";
				INFOPLIST_KEY_UISupportedInterfaceOrientations_iPhone = "UIInterfaceOrientationPortrait UIInterfaceOrientationLandscapeLeft UIInterfaceOrientationLandscapeRight";
				LD_RUNPATH_SEARCH_PATHS = (
					"$(inherited)",
					"@executable_path/Frameworks",
				);
				MARKETING_VERSION = 1.0;
				PRODUCT_BUNDLE_IDENTIFIER = vladimirdanilovich.com.by.ColorRendering;
				PRODUCT_NAME = "$(TARGET_NAME)";
				SWIFT_EMIT_LOC_STRINGS = YES;
				SWIFT_VERSION = 5.0;
				TARGETED_DEVICE_FAMILY = "1,2";
			};
			name = Release;
		};
/* End XCBuildConfiguration section */

/* Begin XCConfigurationList section */
		7FA74C3A27AE977C00D9AC3E /* Build configuration list for PBXProject "ColorRendering" */ = {
			isa = XCConfigurationList;
			buildConfigurations = (
				7FA74C5127AE977D00D9AC3E /* Debug */,
				7FA74C5227AE977D00D9AC3E /* Release */,
			);
			defaultConfigurationIsVisible = 0;
			defaultConfigurationName = Release;
		};
		7FA74C5327AE977D00D9AC3E /* Build configuration list for PBXNativeTarget "ColorRendering" */ = {
			isa = XCConfigurationList;
			buildConfigurations = (
				7FA74C5427AE977D00D9AC3E /* Debug */,
				7FA74C5527AE977D00D9AC3E /* Release */,
			);
			defaultConfigurationIsVisible = 0;
			defaultConfigurationName = Release;
		};
/* End XCConfigurationList section */
	};
	rootObject = 7FA74C3727AE977C00D9AC3E /* Project object */;
}
